PODS:
  - GCDWebServer/Core (3.5.4)
  - GCDWebServer/WebDAV (3.5.4):
    - GCDWebServer/Core
  - GCDWebServer/WebUploader (3.5.4):
    - GCDWebServer/Core
  - NMSSH (2.3.1)

DEPENDENCIES:
  - GCDWebServer/WebDAV (~> 3.0)
  - GCDWebServer/WebUploader (~> 3.0)
  - NMSSH

SPEC REPOS:
  trunk:
    - GCDWebServer
    - NMSSH

SPEC CHECKSUMS:
  GCDWebServer: 2c156a56c8226e2d5c0c3f208a3621ccffbe3ce4
  NMSSH: cd689ae535a1581a6dd9fd4600ff71247df510a6

PODFILE CHECKSUM: 138622328b8c2d60c49a4fc8de219fd73d27869e

COCOAPODS: 1.11.3
